
Microsoft Visual Studio Solution File, Format Version 12.00
# Visual Studio 15
VisualStudioVersion = 15.0.27703.2047
MinimumVisualStudioVersion = 10.0.40219.1
Project("{FAE04EC0-301F-11D3-BF4B-00C04F79EFBC}") = "Cascable Basic User Input Example", "Cascable Basic User Input Example\Cascable Basic User Input Example.csproj", "{D35A0844-162F-45C0-A696-75D1A281051A}"
EndProject
Global
	GlobalSection(SolutionConfigurationPlatforms) = preSolution
		Debug|ARM = Debug|ARM
		Debug|x64 = Debug|x64
		Debug|x86 = Debug|x86
		Release|ARM = Release|ARM
		Release|x64 = Release|x64
		Release|x86 = Release|x86
	EndGlobalSection
	GlobalSection(ProjectConfigurationPlatforms) = postSolution
		{D35A0844-162F-45C0-A696-75D1A281051A}.Debug|ARM.ActiveCfg = Debug|ARM
		{D35A0844-162F-45C0-A696-75D1A281051A}.Debug|ARM.Build.0 = Debug|ARM
		{D35A0844-162F-45C0-A696-75D1A281051A}.Debug|ARM.Deploy.0 = Debug|ARM
		{D35A0844-162F-45C0-A696-75D1A281051A}.Debug|x64.ActiveCfg = Debug|x64
		{D35A0844-162F-45C0-A696-75D1A281051A}.Debug|x64.Build.0 = Debug|x64
		{D35A0844-162F-45C0-A696-75D1A281051A}.Debug|x64.Deploy.0 = Debug|x64
		{D35A0844-162F-45C0-A696-75D1A281051A}.Debug|x86.ActiveCfg = Debug|x86
		{D35A0844-162F-45C0-A696-75D1A281051A}.Debug|x86.Build.0 = Debug|x86
		{D35A0844-162F-45C0-A696-75D1A281051A}.Debug|x86.Deploy.0 = Debug|x86
		{D35A0844-162F-45C0-A696-75D1A281051A}.Release|ARM.ActiveCfg = Release|ARM
		{D35A0844-162F-45C0-A696-75D1A281051A}.Release|ARM.Build.0 = Release|ARM
		{D35A0844-162F-45C0-A696-75D1A281051A}.Release|ARM.Deploy.0 = Release|ARM
		{D35A0844-162F-45C0-A696-75D1A281051A}.Release|x64.ActiveCfg = Release|x64
		{D35A0844-162F-45C0-A696-75D1A281051A}.Release|x64.Build.0 = Release|x64
		{D35A0844-162F-45C0-A696-75D1A281051A}.Release|x64.Deploy.0 = Release|x64
		{D35A0844-162F-45C0-A696-75D1A281051A}.Release|x86.ActiveCfg = Release|x86
		{D35A0844-162F-45C0-A696-75D1A281051A}.Release|x86.Build.0 = Release|x86
		{D35A0844-162F-45C0-A696-75D1A281051A}.Release|x86.Deploy.0 = Release|x86
	EndGlobalSection
	GlobalSection(SolutionProperties) = preSolution
		HideSolutionNode = FALSE
	EndGlobalSection
	GlobalSection(ExtensibilityGlobals) = postSolution
		SolutionGuid = {2D943E56-7868-4B8A-A999-261A340AA670}
	EndGlobalSection
EndGlobal
